<Solution>
  <Folder Name="/DeathrunManager.Examples/">
    <Project Path="DeathrunManager.Examples\ExampleWithConfig\ExampleWithConfig.csproj" />
  </Folder>
  <Folder Name="/DeathrunManager.Main/">
    <Project Path="DeathrunManager.Main\DeathrunManager.csproj" />
  </Folder>
  <Folder Name="/DeathrunManager.Shared/">
    <Project Path="DeathrunManager.Shared\DeathrunManager.Shared.csproj" />
  </Folder>
</Solution>